
Microsoft Visual Studio Solution File, Format Version 12.00
# Visual Studio Version 17
VisualStudioVersion = 17.4.33122.133
MinimumVisualStudioVersion = 10.0.40219.1
Project("{FAE04EC0-301F-11D3-BF4B-00C04F79EFBC}") = "ListsExamples", "ListsExamples\ListsExamples.csproj", "{0DE87722-6D8B-4D4C-A1B6-ED6EF80D057A}"
EndProject
Global
	GlobalSection(SolutionConfigurationPlatforms) = preSolution
		Debug|Any CPU = Debug|Any CPU
		Release|Any CPU = Release|Any CPU
	EndGlobalSection
	GlobalSection(ProjectConfigurationPlatforms) = postSolution
		{0DE87722-6D8B-4D4C-A1B6-ED6EF80D057A}.Debug|Any CPU.ActiveCfg = Debug|Any CPU
		{0DE87722-6D8B-4D4C-A1B6-ED6EF80D057A}.Debug|Any CPU.Build.0 = Debug|Any CPU
		{0DE87722-6D8B-4D4C-A1B6-ED6EF80D057A}.Release|Any CPU.ActiveCfg = Release|Any CPU
		{0DE87722-6D8B-4D4C-A1B6-ED6EF80D057A}.Release|Any CPU.Build.0 = Release|Any CPU
	EndGlobalSection
	GlobalSection(SolutionProperties) = preSolution
		HideSolutionNode = FALSE
	EndGlobalSection
	GlobalSection(ExtensibilityGlobals) = postSolution
		SolutionGuid = {2BC37AD7-5619-44FB-8622-AC4249239F90}
	EndGlobalSection
EndGlobal
